# This file was autogenerated by Stack.
# You should not edit this file by hand.
# For more information, please see the documentation at:
#   https://docs.haskellstack.org/en/stable/lock_files

packages:
- completed:
    sha256: 6af395731140c87fb469e64e37a2876cde61adf4290e60e4edaa793bd34be287
    name: sprockell
    size: 17273
    url: https://github.com/jvdwrf/sprockell/archive/60fcb68e82eee5cf56d1bf27cc4cfd4d4c9068e7.tar.gz
    pantry-tree:
      sha256: 3cb8891b3a0ecb8eec46112a6994a92b0c20605fed414ed8507be0afd9ad30a5
      size: 1303
    version: 2022.0.0
  original:
    url: https://github.com/jvdwrf/sprockell/archive/60fcb68e82eee5cf56d1bf27cc4cfd4d4c9068e7.tar.gz
snapshots:
- completed:
    sha256: d4ee004c46ba878d2f304f5d748d493057be579192a8d148527f3ba55c9df57f
    size: 618683
    url: https://raw.githubusercontent.com/commercialhaskell/stackage-snapshots/master/lts/19/4.yaml
  original:
    url: https://raw.githubusercontent.com/commercialhaskell/stackage-snapshots/master/lts/19/4.yaml
